
Microsoft Visual Studio Solution File, Format Version 12.00
# Visual Studio 14
VisualStudioVersion = 14.0.25123.0
MinimumVisualStudioVersion = 10.0.40219.1
Project("{FAE04EC0-301F-11D3-BF4B-00C04F79EFBC}") = "IdleMaster", "idle_master\IdleMaster\IdleMaster.csproj", "{D26CAFBB-F684-4E53-BE38-60AAD2531893}"
	ProjectSection(ProjectDependencies) = postProject
		{E0E49AFD-1101-4815-A1F1-01F65D4D3306} = {E0E49AFD-1101-4815-A1F1-01F65D4D3306}
	EndProjectSection
EndProject
Project("{FAE04EC0-301F-11D3-BF4B-00C04F79EFBC}") = "steam-idle", "idle_master\steam-idle\steam-idle.csproj", "{E0E49AFD-1101-4815-A1F1-01F65D4D3306}"
EndProject
Global
	GlobalSection(SolutionConfigurationPlatforms) = preSolution
		Debug|x86 = Debug|x86
		Release|x86 = Release|x86
	EndGlobalSection
	GlobalSection(ProjectConfigurationPlatforms) = postSolution
		{D26CAFBB-F684-4E53-BE38-60AAD2531893}.Debug|x86.ActiveCfg = Debug|x86
		{D26CAFBB-F684-4E53-BE38-60AAD2531893}.Debug|x86.Build.0 = Debug|x86
		{D26CAFBB-F684-4E53-BE38-60AAD2531893}.Release|x86.ActiveCfg = Release|x86
		{D26CAFBB-F684-4E53-BE38-60AAD2531893}.Release|x86.Build.0 = Release|x86
		{E0E49AFD-1101-4815-A1F1-01F65D4D3306}.Debug|x86.ActiveCfg = Debug|x86
		{E0E49AFD-1101-4815-A1F1-01F65D4D3306}.Debug|x86.Build.0 = Debug|x86
		{E0E49AFD-1101-4815-A1F1-01F65D4D3306}.Release|x86.ActiveCfg = Release|x86
		{E0E49AFD-1101-4815-A1F1-01F65D4D3306}.Release|x86.Build.0 = Release|x86
	EndGlobalSection
	GlobalSection(SolutionProperties) = preSolution
		HideSolutionNode = FALSE
	EndGlobalSection
EndGlobal
